// !$*UTF8*$!
{
	archiveVersion = 1;
	classes = {
	};
	objectVersion = 56;
	objects = {

/* Begin PBXBuildFile section */
		438EA9362AF3CABC00790F51 /* Notes Watch App.app in Embed Watch Content */ = {isa = PBXBuildFile; fileRef = 438EA9352AF3CABC00790F51 /* Notes Watch App.app */; settings = {ATTRIBUTES = (RemoveHeadersOnCopy, ); }; };
		438EA93B2AF3CABC00790F51 /* NotesApp.swift in Sources */ = {isa = PBXBuildFile; fileRef = 438EA93A2AF3CABC00790F51 /* NotesApp.swift */; };
		438EA93D2AF3CABC00790F51 /* ContentView.swift in Sources */ = {isa = PBXBuildFile; fileRef = 438EA93C2AF3CABC00790F51 /* ContentView.swift */; };
		438EA93F2AF3CABD00790F51 /* Assets.xcassets in Resources */ = {isa = PBXBuildFile; fileRef = 438EA93E2AF3CABD00790F51 /* Assets.xcassets */; };
		438EA9422AF3CABD00790F51 /* Preview Assets.xcassets in Resources */ = {isa = PBXBuildFile; fileRef = 438EA9412AF3CABD00790F51 /* Preview Assets.xcassets */; };
		438EA94C2AF3CABD00790F51 /* Notes_Watch_AppTests.swift in Sources */ = {isa = PBXBuildFile; fileRef = 438EA94B2AF3CABD00790F51 /* Notes_Watch_AppTests.swift */; };
		438EA9562AF3CABD00790F51 /* Notes_Watch_AppUITests.swift in Sources */ = {isa = PBXBuildFile; fileRef = 438EA9552AF3CABD00790F51 /* Notes_Watch_AppUITests.swift */; };
		438EA9582AF3CABD00790F51 /* Notes_Watch_AppUITestsLaunchTests.swift in Sources */ = {isa = PBXBuildFile; fileRef = 438EA9572AF3CABD00790F51 /* Notes_Watch_AppUITestsLaunchTests.swift */; };
/* End PBXBuildFile section */

/* Begin PBXContainerItemProxy section */
		438EA9372AF3CABC00790F51 /* PBXContainerItemProxy */ = {
			isa = PBXContainerItemProxy;
			containerPortal = 438EA9292AF3CABB00790F51 /* Project object */;
			proxyType = 1;
			remoteGlobalIDString = 438EA9342AF3CABC00790F51;
			remoteInfo = "Notes Watch App";
		};
		438EA9482AF3CABD00790F51 /* PBXContainerItemProxy */ = {
			isa = PBXContainerItemProxy;
			containerPortal = 438EA9292AF3CABB00790F51 /* Project object */;
			proxyType = 1;
			remoteGlobalIDString = 438EA9342AF3CABC00790F51;
			remoteInfo = "Notes Watch App";
		};
		438EA9522AF3CABD00790F51 /* PBXContainerItemProxy */ = {
			isa = PBXContainerItemProxy;
			containerPortal = 438EA9292AF3CABB00790F51 /* Project object */;
			proxyType = 1;
			remoteGlobalIDString = 438EA9342AF3CABC00790F51;
			remoteInfo = "Notes Watch App";
		};
/* End PBXContainerItemProxy section */

/* Begin PBXCopyFilesBuildPhase section */
		438EA95E2AF3CABD00790F51 /* Embed Watch Content */ = {
			isa = PBXCopyFilesBuildPhase;
			buildActionMask = 2147483647;
			dstPath = "$(CONTENTS_FOLDER_PATH)/Watch";
			dstSubfolderSpec = 16;
			files = (
				438EA9362AF3CABC00790F51 /* Notes Watch App.app in Embed Watch Content */,
			);
			name = "Embed Watch Content";
			runOnlyForDeploymentPostprocessing = 0;
		};
/* End PBXCopyFilesBuildPhase section */

/* Begin PBXFileReference section */
		438EA92F2AF3CABC00790F51 /* Notes.app */ = {isa = PBXFileReference; explicitFileType = wrapper.application; includeInIndex = 0; path = Notes.app; sourceTree = BUILT_PRODUCTS_DIR; };
		438EA9352AF3CABC00790F51 /* Notes Watch App.app */ = {isa = PBXFileReference; explicitFileType = wrapper.application; includeInIndex = 0; path = "Notes Watch App.app"; sourceTree = BUILT_PRODUCTS_DIR; };
		438EA93A2AF3CABC00790F51 /* NotesApp.swift */ = {isa = PBXFileReference; lastKnownFileType = sourcecode.swift; path = NotesApp.swift; sourceTree = "<group>"; };
		438EA93C2AF3CABC00790F51 /* ContentView.swift */ = {isa = PBXFileReference; lastKnownFileType = sourcecode.swift; path = ContentView.swift; sourceTree = "<group>"; };
		438EA93E2AF3CABD00790F51 /* Assets.xcassets */ = {isa = PBXFileReference; lastKnownFileType = folder.assetcatalog; path = Assets.xcassets; sourceTree = "<group>"; };
		438EA9412AF3CABD00790F51 /* Preview Assets.xcassets */ = {isa = PBXFileReference; lastKnownFileType = folder.assetcatalog; path = "Preview Assets.xcassets"; sourceTree = "<group>"; };
		438EA9472AF3CABD00790F51 /* Notes Watch AppTests.xctest */ = {isa = PBXFileReference; explicitFileType = wrapper.cfbundle; includeInIndex = 0; path = "Notes Watch AppTests.xctest"; sourceTree = BUILT_PRODUCTS_DIR; };
		438EA94B2AF3CABD00790F51 /* Notes_Watch_AppTests.swift */ = {isa = PBXFileReference; lastKnownFileType = sourcecode.swift; path = Notes_Watch_AppTests.swift; sourceTree = "<group>"; };
		438EA9512AF3CABD00790F51 /* Notes Watch AppUITests.xctest */ = {isa = PBXFileReference; explicitFileType = wrapper.cfbundle; includeInIndex = 0; path = "Notes Watch AppUITests.xctest"; sourceTree = BUILT_PRODUCTS_DIR; };
		438EA9552AF3CABD00790F51 /* Notes_Watch_AppUITests.swift */ = {isa = PBXFileReference; lastKnownFileType = sourcecode.swift; path = Notes_Watch_AppUITests.swift; sourceTree = "<group>"; };
		438EA9572AF3CABD00790F51 /* Notes_Watch_AppUITestsLaunchTests.swift */ = {isa = PBXFileReference; lastKnownFileType = sourcecode.swift; path = Notes_Watch_AppUITestsLaunchTests.swift; sourceTree = "<group>"; };
/* End PBXFileReference section */

/* Begin PBXFrameworksBuildPhase section */
		438EA9322AF3CABC00790F51 /* Frameworks */ = {
			isa = PBXFrameworksBuildPhase;
			buildActionMask = 2147483647;
			files = (
			);
			runOnlyForDeploymentPostprocessing = 0;
		};
		438EA9442AF3CABD00790F51 /* Frameworks */ = {
			isa = PBXFrameworksBuildPhase;
			buildActionMask = 2147483647;
			files = (
			);
			runOnlyForDeploymentPostprocessing = 0;
		};
		438EA94E2AF3CABD00790F51 /* Frameworks */ = {
			isa = PBXFrameworksBuildPhase;
			buildActionMask = 2147483647;
			files = (
			);
			runOnlyForDeploymentPostprocessing = 0;
		};
/* End PBXFrameworksBuildPhase section */

/* Begin PBXGroup section */
		438EA9282AF3CABB00790F51 = {
			isa = PBXGroup;
			children = (
				438EA9392AF3CABC00790F51 /* Notes Watch App */,
				438EA94A2AF3CABD00790F51 /* Notes Watch AppTests */,
				438EA9542AF3CABD00790F51 /* Notes Watch AppUITests */,
				438EA9302AF3CABC00790F51 /* Products */,
			);
			sourceTree = "<group>";
		};
		438EA9302AF3CABC00790F51 /* Products */ = {
			isa = PBXGroup;
			children = (
				438EA92F2AF3CABC00790F51 /* Notes.app */,
				438EA9352AF3CABC00790F51 /* Notes Watch App.app */,
				438EA9472AF3CABD00790F51 /* Notes Watch AppTests.xctest */,
				438EA9512AF3CABD00790F51 /* Notes Watch AppUITests.xctest */,
			);
			name = Products;
			sourceTree = "<group>";
		};
		438EA9392AF3CABC00790F51 /* Notes Watch App */ = {
			isa = PBXGroup;
			children = (
				438EA93A2AF3CABC00790F51 /* NotesApp.swift */,
				438EA93C2AF3CABC00790F51 /* ContentView.swift */,
				438EA93E2AF3CABD00790F51 /* Assets.xcassets */,
				438EA9402AF3CABD00790F51 /* Preview Content */,
			);
			path = "Notes Watch App";
			sourceTree = "<group>";
		};
		438EA9402AF3CABD00790F51 /* Preview Content */ = {
			isa = PBXGroup;
			children = (
				438EA9412AF3CABD00790F51 /* Preview Assets.xcassets */,
			);
			path = "Preview Content";
			sourceTree = "<group>";
		};
		438EA94A2AF3CABD00790F51 /* Notes Watch AppTests */ = {
			isa = PBXGroup;
			children = (
				438EA94B2AF3CABD00790F51 /* Notes_Watch_AppTests.swift */,
			);
			path = "Notes Watch AppTests";
			sourceTree = "<group>";
		};
		438EA9542AF3CABD00790F51 /* Notes Watch AppUITests */ = {
			isa = PBXGroup;
			children = (
				438EA9552AF3CABD00790F51 /* Notes_Watch_AppUITests.swift */,
				438EA9572AF3CABD00790F51 /* Notes_Watch_AppUITestsLaunchTests.swift */,
			);
			path = "Notes Watch AppUITests";
			sourceTree = "<group>";
		};
/* End PBXGroup section */

/* Begin PBXNativeTarget section */
		438EA92E2AF3CABC00790F51 /* Notes */ = {
			isa = PBXNativeTarget;
			buildConfigurationList = 438EA95F2AF3CABD00790F51 /* Build configuration list for PBXNativeTarget "Notes" */;
			buildPhases = (
				438EA92D2AF3CABC00790F51 /* Resources */,
				438EA95E2AF3CABD00790F51 /* Embed Watch Content */,
			);
			buildRules = (
			);
			dependencies = (
				438EA9382AF3CABC00790F51 /* PBXTargetDependency */,
			);
			name = Notes;
			productName = Notes;
			productReference = 438EA92F2AF3CABC00790F51 /* Notes.app */;
			productType = "com.apple.product-type.application.watchapp2-container";
		};
		438EA9342AF3CABC00790F51 /* Notes Watch App */ = {
			isa = PBXNativeTarget;
			buildConfigurationList = 438EA95B2AF3CABD00790F51 /* Build configuration list for PBXNativeTarget "Notes Watch App" */;
			buildPhases = (
				438EA9312AF3CABC00790F51 /* Sources */,
				438EA9322AF3CABC00790F51 /* Frameworks */,
				438EA9332AF3CABC00790F51 /* Resources */,
			);
			buildRules = (
			);
			dependencies = (
			);
			name = "Notes Watch App";
			productName = "Notes Watch App";
			productReference = 438EA9352AF3CABC00790F51 /* Notes Watch App.app */;
			productType = "com.apple.product-type.application";
		};
		438EA9462AF3CABD00790F51 /* Notes Watch AppTests */ = {
			isa = PBXNativeTarget;
			buildConfigurationList = 438EA9622AF3CABD00790F51 /* Build configuration list for PBXNativeTarget "Notes Watch AppTests" */;
			buildPhases = (
				438EA9432AF3CABD00790F51 /* Sources */,
				438EA9442AF3CABD00790F51 /* Frameworks */,
				438EA9452AF3CABD00790F51 /* Resources */,
			);
			buildRules = (
			);
			dependencies = (
				438EA9492AF3CABD00790F51 /* PBXTargetDependency */,
			);
			name = "Notes Watch AppTests";
			productName = "Notes Watch AppTests";
			productReference = 438EA9472AF3CABD00790F51 /* Notes Watch AppTests.xctest */;
			productType = "com.apple.product-type.bundle.unit-test";
		};
		438EA9502AF3CABD00790F51 /* Notes Watch AppUITests */ = {
			isa = PBXNativeTarget;
			buildConfigurationList = 438EA9652AF3CABD00790F51 /* Build configuration list for PBXNativeTarget "Notes Watch AppUITests" */;
			buildPhases = (
				438EA94D2AF3CABD00790F51 /* Sources */,
				438EA94E2AF3CABD00790F51 /* Frameworks */,
				438EA94F2AF3CABD00790F51 /* Resources */,
			);
			buildRules = (
			);
			dependencies = (
				438EA9532AF3CABD00790F51 /* PBXTargetDependency */,
			);
			name = "Notes Watch AppUITests";
			productName = "Notes Watch AppUITests";
			productReference = 438EA9512AF3CABD00790F51 /* Notes Watch AppUITests.xctest */;
			productType = "com.apple.product-type.bundle.ui-testing";
		};
/* End PBXNativeTarget section */

/* Begin PBXProject section */
		438EA9292AF3CABB00790F51 /* Project object */ = {
			isa = PBXProject;
			attributes = {
				BuildIndependentTargetsInParallel = 1;
				LastSwiftUpdateCheck = 1500;
				LastUpgradeCheck = 1500;
				TargetAttributes = {
					438EA92E2AF3CABC00790F51 = {
						CreatedOnToolsVersion = 15.0;
					};
					438EA9342AF3CABC00790F51 = {
						CreatedOnToolsVersion = 15.0;
					};
					438EA9462AF3CABD00790F51 = {
						CreatedOnToolsVersion = 15.0;
						TestTargetID = 438EA9342AF3CABC00790F51;
					};
					438EA9502AF3CABD00790F51 = {
						CreatedOnToolsVersion = 15.0;
						TestTargetID = 438EA9342AF3CABC00790F51;
					};
				};
			};
			buildConfigurationList = 438EA92C2AF3CABB00790F51 /* Build configuration list for PBXProject "Notes" */;
			compatibilityVersion = "Xcode 14.0";
			developmentRegion = en;
			hasScannedForEncodings = 0;
			knownRegions = (
				en,
				Base,
			);
			mainGroup = 438EA9282AF3CABB00790F51;
			productRefGroup = 438EA9302AF3CABC00790F51 /* Products */;
			projectDirPath = "";
			projectRoot = "";
			targets = (
				438EA92E2AF3CABC00790F51 /* Notes */,
				438EA9342AF3CABC00790F51 /* Notes Watch App */,
				438EA9462AF3CABD00790F51 /* Notes Watch AppTests */,
				438EA9502AF3CABD00790F51 /* Notes Watch AppUITests */,
			);
		};
/* End PBXProject section */

/* Begin PBXResourcesBuildPhase section */
		438EA92D2AF3CABC00790F51 /* Resources */ = {
			isa = PBXResourcesBuildPhase;
			buildActionMask = 2147483647;
			files = (
			);
			runOnlyForDeploymentPostprocessing = 0;
		};
		438EA9332AF3CABC00790F51 /* Resources */ = {
			isa = PBXResourcesBuildPhase;
			buildActionMask = 2147483647;
			files = (
				438EA9422AF3CABD00790F51 /* Preview Assets.xcassets in Resources */,
				438EA93F2AF3CABD00790F51 /* Assets.xcassets in Resources */,
			);
			runOnlyForDeploymentPostprocessing = 0;
		};
		438EA9452AF3CABD00790F51 /* Resources */ = {
			isa = PBXResourcesBuildPhase;
			buildActionMask = 2147483647;
			files = (
			);
			runOnlyForDeploymentPostprocessing = 0;
		};
		438EA94F2AF3CABD00790F51 /* Resources */ = {
			isa = PBXResourcesBuildPhase;
			buildActionMask = 2147483647;
			files = (
			);
			runOnlyForDeploymentPostprocessing = 0;
		};
/* End PBXResourcesBuildPhase section */

/* Begin PBXSourcesBuildPhase section */
		438EA9312AF3CABC00790F51 /* Sources */ = {
			isa = PBXSourcesBuildPhase;
			buildActionMask = 2147483647;
			files = (
				438EA93D2AF3CABC00790F51 /* ContentView.swift in Sources */,
				438EA93B2AF3CABC00790F51 /* NotesApp.swift in Sources */,
			);
			runOnlyForDeploymentPostprocessing = 0;
		};
		438EA9432AF3CABD00790F51 /* Sources */ = {
			isa = PBXSourcesBuildPhase;
			buildActionMask = 2147483647;
			files = (
				438EA94C2AF3CABD00790F51 /* Notes_Watch_AppTests.swift in Sources */,
			);
			runOnlyForDeploymentPostprocessing = 0;
		};
		438EA94D2AF3CABD00790F51 /* Sources */ = {
			isa = PBXSourcesBuildPhase;
			buildActionMask = 2147483647;
			files = (
				438EA9582AF3CABD00790F51 /* Notes_Watch_AppUITestsLaunchTests.swift in Sources */,
				438EA9562AF3CABD00790F51 /* Notes_Watch_AppUITests.swift in Sources */,
			);
			runOnlyForDeploymentPostprocessing = 0;
		};
/* End PBXSourcesBuildPhase section */

/* Begin PBXTargetDependency section */
		438EA9382AF3CABC00790F51 /* PBXTargetDependency */ = {
			isa = PBXTargetDependency;
			target = 438EA9342AF3CABC00790F51 /* Notes Watch App */;
			targetProxy = 438EA9372AF3CABC00790F51 /* PBXContainerItemProxy */;
		};
		438EA9492AF3CABD00790F51 /* PBXTargetDependency */ = {
			isa = PBXTargetDependency;
			target = 438EA9342AF3CABC00790F51 /* Notes Watch App */;
			targetProxy = 438EA9482AF3CABD00790F51 /* PBXContainerItemProxy */;
		};
		438EA9532AF3CABD00790F51 /* PBXTargetDependency */ = {
			isa = PBXTargetDependency;
			target = 438EA9342AF3CABC00790F51 /* Notes Watch App */;
			targetProxy = 438EA9522AF3CABD00790F51 /* PBXContainerItemProxy */;
		};
/* End PBXTargetDependency section */

/* Begin XCBuildConfiguration section */
		438EA9592AF3CABD00790F51 /* Debug */ = {
			isa = XCBuildConfiguration;
			buildSettings = {
				ALWAYS_SEARCH_USER_PATHS = NO;
				ASSETCATALOG_COMPILER_GENERATE_SWIFT_ASSET_SYMBOL_EXTENSIONS = YES;
				CLANG_ANALYZER_NONNULL = YES;
				CLANG_ANALYZER_NUMBER_OBJECT_CONVERSION = YES_AGGRESSIVE;
				CLANG_CXX_LANGUAGE_STANDARD = "gnu++20";
				CLANG_ENABLE_MODULES = YES;
				CLANG_ENABLE_OBJC_ARC = YES;
				CLANG_ENABLE_OBJC_WEAK = YES;
				CLANG_WARN_BLOCK_CAPTURE_AUTORELEASING = YES;
				CLANG_WARN_BOOL_CONVERSION = YES;
				CLANG_WARN_COMMA = YES;
				CLANG_WARN_CONSTANT_CONVERSION = YES;
				CLANG_WARN_DEPRECATED_OBJC_IMPLEMENTATIONS = YES;
				CLANG_WARN_DIRECT_OBJC_ISA_USAGE = YES_ERROR;
				CLANG_WARN_DOCUMENTATION_COMMENTS = YES;
				CLANG_WARN_EMPTY_BODY = YES;
				CLANG_WARN_ENUM_CONVERSION = YES;
				CLANG_WARN_INFINITE_RECURSION = YES;
				CLANG_WARN_INT_CONVERSION = YES;
				CLANG_WARN_NON_LITERAL_NULL_CONVERSION = YES;
				CLANG_WARN_OBJC_IMPLICIT_RETAIN_SELF = YES;
				CLANG_WARN_OBJC_LITERAL_CONVERSION = YES;
				CLANG_WARN_OBJC_ROOT_CLASS = YES_ERROR;
				CLANG_WARN_QUOTED_INCLUDE_IN_FRAMEWORK_HEADER = YES;
				CLANG_WARN_RANGE_LOOP_ANALYSIS = YES;
				CLANG_WARN_STRICT_PROTOTYPES = YES;
				CLANG_WARN_SUSPICIOUS_MOVE = YES;
				CLANG_WARN_UNGUARDED_AVAILABILITY = YES_AGGRESSIVE;
				CLANG_WARN_UNREACHABLE_CODE = YES;
				CLANG_WARN__DUPLICATE_METHOD_MATCH = YES;
				COPY_PHASE_STRIP = NO;
				DEBUG_INFORMATION_FORMAT = dwarf;
				ENABLE_STRICT_OBJC_MSGSEND = YES;
				ENABLE_TESTABILITY = YES;
				ENABLE_USER_SCRIPT_SANDBOXING = YES;
				GCC_C_LANGUAGE_STANDARD = gnu17;
				GCC_DYNAMIC_NO_PIC = NO;
				GCC_NO_COMMON_BLOCKS = YES;
				GCC_OPTIMIZATION_LEVEL = 0;
				GCC_PREPROCESSOR_DEFINITIONS = (
					"DEBUG=1",
					"$(inherited)",
				);
				GCC_WARN_64_TO_32_BIT_CONVERSION = YES;
				GCC_WARN_ABOUT_RETURN_TYPE = YES_ERROR;
				GCC_WARN_UNDECLARED_SELECTOR = YES;
				GCC_WARN_UNINITIALIZED_AUTOS = YES_AGGRESSIVE;
				GCC_WARN_UNUSED_FUNCTION = YES;
				GCC_WARN_UNUSED_VARIABLE = YES;
				LOCALIZATION_PREFERS_STRING_CATALOGS = YES;
				MTL_ENABLE_DEBUG_INFO = INCLUDE_SOURCE;
				MTL_FAST_MATH = YES;
				ONLY_ACTIVE_ARCH = YES;
				SWIFT_ACTIVE_COMPILATION_CONDITIONS = "DEBUG $(inherited)";
				SWIFT_OPTIMIZATION_LEVEL = "-Onone";
			};
			name = Debug;
		};
		438EA95A2AF3CABD00790F51 /* Release */ = {
			isa = XCBuildConfiguration;
			buildSettings = {
				ALWAYS_SEARCH_USER_PATHS = NO;
				ASSETCATALOG_COMPILER_GENERATE_SWIFT_ASSET_SYMBOL_EXTENSIONS = YES;
				CLANG_ANALYZER_NONNULL = YES;
				CLANG_ANALYZER_NUMBER_OBJECT_CONVERSION = YES_AGGRESSIVE;
				CLANG_CXX_LANGUAGE_STANDARD = "gnu++20";
				CLANG_ENABLE_MODULES = YES;
				CLANG_ENABLE_OBJC_ARC = YES;
				CLANG_ENABLE_OBJC_WEAK = YES;
				CLANG_WARN_BLOCK_CAPTURE_AUTORELEASING = YES;
				CLANG_WARN_BOOL_CONVERSION = YES;
				CLANG_WARN_COMMA = YES;
				CLANG_WARN_CONSTANT_CONVERSION = YES;
				CLANG_WARN_DEPRECATED_OBJC_IMPLEMENTATIONS = YES;
				CLANG_WARN_DIRECT_OBJC_ISA_USAGE = YES_ERROR;
				CLANG_WARN_DOCUMENTATION_COMMENTS = YES;
				CLANG_WARN_EMPTY_BODY = YES;
				CLANG_WARN_ENUM_CONVERSION = YES;
				CLANG_WARN_INFINITE_RECURSION = YES;
				CLANG_WARN_INT_CONVERSION = YES;
				CLANG_WARN_NON_LITERAL_NULL_CONVERSION = YES;
				CLANG_WARN_OBJC_IMPLICIT_RETAIN_SELF = YES;
				CLANG_WARN_OBJC_LITERAL_CONVERSION = YES;
				CLANG_WARN_OBJC_ROOT_CLASS = YES_ERROR;
				CLANG_WARN_QUOTED_INCLUDE_IN_FRAMEWORK_HEADER = YES;
				CLANG_WARN_RANGE_LOOP_ANALYSIS = YES;
				CLANG_WARN_STRICT_PROTOTYPES = YES;
				CLANG_WARN_SUSPICIOUS_MOVE = YES;
				CLANG_WARN_UNGUARDED_AVAILABILITY = YES_AGGRESSIVE;
				CLANG_WARN_UNREACHABLE_CODE = YES;
				CLANG_WARN__DUPLICATE_METHOD_MATCH = YES;
				COPY_PHASE_STRIP = NO;
				DEBUG_INFORMATION_FORMAT = "dwarf-with-dsym";
				ENABLE_NS_ASSERTIONS = NO;
				ENABLE_STRICT_OBJC_MSGSEND = YES;
				ENABLE_USER_SCRIPT_SANDBOXING = YES;
				GCC_C_LANGUAGE_STANDARD = gnu17;
				GCC_NO_COMMON_BLOCKS = YES;
				GCC_WARN_64_TO_32_BIT_CONVERSION = YES;
				GCC_WARN_ABOUT_RETURN_TYPE = YES_ERROR;
				GCC_WARN_UNDECLARED_SELECTOR = YES;
				GCC_WARN_UNINITIALIZED_AUTOS = YES_AGGRESSIVE;
				GCC_WARN_UNUSED_FUNCTION = YES;
				GCC_WARN_UNUSED_VARIABLE = YES;
				LOCALIZATION_PREFERS_STRING_CATALOGS = YES;
				MTL_ENABLE_DEBUG_INFO = NO;
				MTL_FAST_MATH = YES;
				SWIFT_COMPILATION_MODE = wholemodule;
			};
			name = Release;
		};
		438EA95C2AF3CABD00790F51 /* Debug */ = {
			isa = XCBuildConfiguration;
			buildSettings = {
				ASSETCATALOG_COMPILER_APPICON_NAME = AppIcon;
				ASSETCATALOG_COMPILER_GLOBAL_ACCENT_COLOR_NAME = AccentColor;
				CODE_SIGN_STYLE = Automatic;
				CURRENT_PROJECT_VERSION = 1;
				DEVELOPMENT_ASSET_PATHS = "\"Notes Watch App/Preview Content\"";
				DEVELOPMENT_TEAM = 9GQ472AS49;
				ENABLE_PREVIEWS = YES;
				GENERATE_INFOPLIST_FILE = YES;
				INFOPLIST_KEY_CFBundleDisplayName = Notes;
				INFOPLIST_KEY_UISupportedInterfaceOrientations = "UIInterfaceOrientationPortrait UIInterfaceOrientationPortraitUpsideDown";
				INFOPLIST_KEY_WKWatchOnly = YES;
				LD_RUNPATH_SEARCH_PATHS = (
					"$(inherited)",
					"@executable_path/Frameworks",
				);
				MARKETING_VERSION = 1.0;
				PRODUCT_BUNDLE_IDENTIFIER = com.prakharagarwal.Notes.watchkitapp;
				PRODUCT_NAME = "$(TARGET_NAME)";
				SDKROOT = watchos;
				SKIP_INSTALL = YES;
				SWIFT_EMIT_LOC_STRINGS = YES;
				SWIFT_VERSION = 5.0;
				TARGETED_DEVICE_FAMILY = 4;
				WATCHOS_DEPLOYMENT_TARGET = 10.0;
			};
			name = Debug;
		};
		438EA95D2AF3CABD00790F51 /* Release */ = {
			isa = XCBuildConfiguration;
			buildSettings = {
				ASSETCATALOG_COMPILER_APPICON_NAME = AppIcon;
				ASSETCATALOG_COMPILER_GLOBAL_ACCENT_COLOR_NAME = AccentColor;
				CODE_SIGN_STYLE = Automatic;
				CURRENT_PROJECT_VERSION = 1;
				DEVELOPMENT_ASSET_PATHS = "\"Notes Watch App/Preview Content\"";
				DEVELOPMENT_TEAM = 9GQ472AS49;
				ENABLE_PREVIEWS = YES;
				GENERATE_INFOPLIST_FILE = YES;
				INFOPLIST_KEY_CFBundleDisplayName = Notes;
				INFOPLIST_KEY_UISupportedInterfaceOrientations = "UIInterfaceOrientationPortrait UIInterfaceOrientationPortraitUpsideDown";
				INFOPLIST_KEY_WKWatchOnly = YES;
				LD_RUNPATH_SEARCH_PATHS = (
					"$(inherited)",
					"@executable_path/Frameworks",
				);
				MARKETING_VERSION = 1.0;
				PRODUCT_BUNDLE_IDENTIFIER = com.prakharagarwal.Notes.watchkitapp;
				PRODUCT_NAME = "$(TARGET_NAME)";
				SDKROOT = watchos;
				SKIP_INSTALL = YES;
				SWIFT_EMIT_LOC_STRINGS = YES;
				SWIFT_VERSION = 5.0;
				TARGETED_DEVICE_FAMILY = 4;
				VALIDATE_PRODUCT = YES;
				WATCHOS_DEPLOYMENT_TARGET = 10.0;
			};
			name = Release;
		};
		438EA9602AF3CABD00790F51 /* Debug */ = {
			isa = XCBuildConfiguration;
			buildSettings = {
				ALWAYS_EMBED_SWIFT_STANDARD_LIBRARIES = YES;
				CODE_SIGN_STYLE = Automatic;
				CURRENT_PROJECT_VERSION = 1;
				DEVELOPMENT_TEAM = 9GQ472AS49;
				INFOPLIST_KEY_CFBundleDisplayName = Notes;
				MARKETING_VERSION = 1.0;
				PRODUCT_BUNDLE_IDENTIFIER = com.prakharagarwal.Notes;
				PRODUCT_NAME = "$(TARGET_NAME)";
				SDKROOT = iphoneos;
				SWIFT_VERSION = 5.0;
			};
			name = Debug;
		};
		438EA9612AF3CABD00790F51 /* Release */ = {
			isa = XCBuildConfiguration;
			buildSettings = {
				ALWAYS_EMBED_SWIFT_STANDARD_LIBRARIES = YES;
				CODE_SIGN_STYLE = Automatic;
				CURRENT_PROJECT_VERSION = 1;
				DEVELOPMENT_TEAM = 9GQ472AS49;
				INFOPLIST_KEY_CFBundleDisplayName = Notes;
				MARKETING_VERSION = 1.0;
				PRODUCT_BUNDLE_IDENTIFIER = com.prakharagarwal.Notes;
				PRODUCT_NAME = "$(TARGET_NAME)";
				SDKROOT = iphoneos;
				SWIFT_VERSION = 5.0;
				VALIDATE_PRODUCT = YES;
			};
			name = Release;
		};
		438EA9632AF3CABD00790F51 /* Debug */ = {
			isa = XCBuildConfiguration;
			buildSettings = {
				ALWAYS_EMBED_SWIFT_STANDARD_LIBRARIES = YES;
				BUNDLE_LOADER = "$(TEST_HOST)";
				CODE_SIGN_STYLE = Automatic;
				CURRENT_PROJECT_VERSION = 1;
				DEVELOPMENT_TEAM = 9GQ472AS49;
				GENERATE_INFOPLIST_FILE = YES;
				MARKETING_VERSION = 1.0;
				PRODUCT_BUNDLE_IDENTIFIER = "com.prakharagarwal.Notes-Watch-AppTests";
				PRODUCT_NAME = "$(TARGET_NAME)";
				SDKROOT = watchos;
				SWIFT_EMIT_LOC_STRINGS = NO;
				SWIFT_VERSION = 5.0;
				TARGETED_DEVICE_FAMILY = 4;
				TEST_HOST = "$(BUILT_PRODUCTS_DIR)/Notes Watch App.app/$(BUNDLE_EXECUTABLE_FOLDER_PATH)/Notes Watch App";
				WATCHOS_DEPLOYMENT_TARGET = 10.0;
			};
			name = Debug;
		};
		438EA9642AF3CABD00790F51 /* Release */ = {
			isa = XCBuildConfiguration;
			buildSettings = {
				ALWAYS_EMBED_SWIFT_STANDARD_LIBRARIES = YES;
				BUNDLE_LOADER = "$(TEST_HOST)";
				CODE_SIGN_STYLE = Automatic;
				CURRENT_PROJECT_VERSION = 1;
				DEVELOPMENT_TEAM = 9GQ472AS49;
				GENERATE_INFOPLIST_FILE = YES;
				MARKETING_VERSION = 1.0;
				PRODUCT_BUNDLE_IDENTIFIER = "com.prakharagarwal.Notes-Watch-AppTests";
				PRODUCT_NAME = "$(TARGET_NAME)";
				SDKROOT = watchos;
				SWIFT_EMIT_LOC_STRINGS = NO;
				SWIFT_VERSION = 5.0;
				TARGETED_DEVICE_FAMILY = 4;
				TEST_HOST = "$(BUILT_PRODUCTS_DIR)/Notes Watch App.app/$(BUNDLE_EXECUTABLE_FOLDER_PATH)/Notes Watch App";
				VALIDATE_PRODUCT = YES;
				WATCHOS_DEPLOYMENT_TARGET = 10.0;
			};
			name = Release;
		};
		438EA9662AF3CABD00790F51 /* Debug */ = {
			isa = XCBuildConfiguration;
			buildSettings = {
				ALWAYS_EMBED_SWIFT_STANDARD_LIBRARIES = YES;
				CODE_SIGN_STYLE = Automatic;
				CURRENT_PROJECT_VERSION = 1;
				DEVELOPMENT_TEAM = 9GQ472AS49;
				GENERATE_INFOPLIST_FILE = YES;
				MARKETING_VERSION = 1.0;
				PRODUCT_BUNDLE_IDENTIFIER = "com.prakharagarwal.Notes-Watch-AppUITests";
				PRODUCT_NAME = "$(TARGET_NAME)";
				SDKROOT = watchos;
				SWIFT_EMIT_LOC_STRINGS = NO;
				SWIFT_VERSION = 5.0;
				TARGETED_DEVICE_FAMILY = 4;
				TEST_TARGET_NAME = "Notes Watch App";
				WATCHOS_DEPLOYMENT_TARGET = 10.0;
			};
			name = Debug;
		};
		438EA9672AF3CABD00790F51 /* Release */ = {
			isa = XCBuildConfiguration;
			buildSettings = {
				ALWAYS_EMBED_SWIFT_STANDARD_LIBRARIES = YES;
				CODE_SIGN_STYLE = Automatic;
				CURRENT_PROJECT_VERSION = 1;
				DEVELOPMENT_TEAM = 9GQ472AS49;
				GENERATE_INFOPLIST_FILE = YES;
				MARKETING_VERSION = 1.0;
				PRODUCT_BUNDLE_IDENTIFIER = "com.prakharagarwal.Notes-Watch-AppUITests";
				PRODUCT_NAME = "$(TARGET_NAME)";
				SDKROOT = watchos;
				SWIFT_EMIT_LOC_STRINGS = NO;
				SWIFT_VERSION = 5.0;
				TARGETED_DEVICE_FAMILY = 4;
				TEST_TARGET_NAME = "Notes Watch App";
				VALIDATE_PRODUCT = YES;
				WATCHOS_DEPLOYMENT_TARGET = 10.0;
			};
			name = Release;
		};
/* End XCBuildConfiguration section */

/* Begin XCConfigurationList section */
		438EA92C2AF3CABB00790F51 /* Build configuration list for PBXProject "Notes" */ = {
			isa = XCConfigurationList;
			buildConfigurations = (
				438EA9592AF3CABD00790F51 /* Debug */,
				438EA95A2AF3CABD00790F51 /* Release */,
			);
			defaultConfigurationIsVisible = 0;
			defaultConfigurationName = Release;
		};
		438EA95B2AF3CABD00790F51 /* Build configuration list for PBXNativeTarget "Notes Watch App" */ = {
			isa = XCConfigurationList;
			buildConfigurations = (
				438EA95C2AF3CABD00790F51 /* Debug */,
				438EA95D2AF3CABD00790F51 /* Release */,
			);
			defaultConfigurationIsVisible = 0;
			defaultConfigurationName = Release;
		};
		438EA95F2AF3CABD00790F51 /* Build configuration list for PBXNativeTarget "Notes" */ = {
			isa = XCConfigurationList;
			buildConfigurations = (
				438EA9602AF3CABD00790F51 /* Debug */,
				438EA9612AF3CABD00790F51 /* Release */,
			);
			defaultConfigurationIsVisible = 0;
			defaultConfigurationName = Release;
		};
		438EA9622AF3CABD00790F51 /* Build configuration list for PBXNativeTarget "Notes Watch AppTests" */ = {
			isa = XCConfigurationList;
			buildConfigurations = (
				438EA9632AF3CABD00790F51 /* Debug */,
				438EA9642AF3CABD00790F51 /* Release */,
			);
			defaultConfigurationIsVisible = 0;
			defaultConfigurationName = Release;
		};
		438EA9652AF3CABD00790F51 /* Build configuration list for PBXNativeTarget "Notes Watch AppUITests" */ = {
			isa = XCConfigurationList;
			buildConfigurations = (
				438EA9662AF3CABD00790F51 /* Debug */,
				438EA9672AF3CABD00790F51 /* Release */,
			);
			defaultConfigurationIsVisible = 0;
			defaultConfigurationName = Release;
		};
/* End XCConfigurationList section */
	};
	rootObject = 438EA9292AF3CABB00790F51 /* Project object */;
}
